{
    "_readme": [
        "This file locks the dependencies of your project to a known state",
        "Read more about it at https://getcomposer.org/doc/01-basic-usage.md#composer-lock-the-lock-file",
        "This file is @generated automatically"
    ],
    "content-hash": "2cc9fa1c2ca86a8f96bbe4effcdda1b4",
    "packages": [
        {
            "name": "rdx/http",
            "version": "1.1",
            "source": {
                "type": "git",
                "url": "https://github.com/rudiedirkx/http.git",
                "reference": "67611de8eceb5c7ffb77d0fe6f6bf3e8ca9ad59a"
            },
            "dist": {
                "type": "zip",
                "url": "https://api.github.com/repos/rudiedirkx/http/zipball/67611de8eceb5c7ffb77d0fe6f6bf3e8ca9ad59a",
                "reference": "67611de8eceb5c7ffb77d0fe6f6bf3e8ca9ad59a",
                "shasum": ""
            },
            "type": "library",
            "autoload": {
                "psr-4": {
                    "rdx\\http\\": ""
                }
            },
            "notification-url": "https://packagist.org/downloads/",
            "license": [
                "MIT"
            ],
            "authors": [
                {
                    "name": "Rudie Dirkx",
                    "email": "github@hotblocks.nl"
                }
            ],
            "description": "A simple HTTP wrapper around CURL, with request and response classes.",
            "time": "2016-10-14T19:20:34+00:00"
        }
    ],
    "packages-dev": [],
    "aliases": [],
    "minimum-stability": "stable",
    "stability-flags": [],
    "prefer-stable": false,
    "prefer-lowest": false,
    "platform": [],
    "platform-dev": []
}
